
Microsoft Visual Studio Solution File, Format Version 12.00
# Visual Studio Version 17
VisualStudioVersion = 17.5.33424.131
MinimumVisualStudioVersion = 10.0.40219.1
Project("{FAE04EC0-301F-11D3-BF4B-00C04F79EFBC}") = "Multi-thread Visual", "Multi-thread Visual.csproj", "{D455E3FE-F33F-470E-91FE-758F342340AC}"
EndProject
Global
	GlobalSection(SolutionConfigurationPlatforms) = preSolution
		Debug|Any CPU = Debug|Any CPU
		Release|Any CPU = Release|Any CPU
	EndGlobalSection
	GlobalSection(ProjectConfigurationPlatforms) = postSolution
		{D455E3FE-F33F-470E-91FE-758F342340AC}.Debug|Any CPU.ActiveCfg = Debug|Any CPU
		{D455E3FE-F33F-470E-91FE-758F342340AC}.Debug|Any CPU.Build.0 = Debug|Any CPU
		{D455E3FE-F33F-470E-91FE-758F342340AC}.Release|Any CPU.ActiveCfg = Release|Any CPU
		{D455E3FE-F33F-470E-91FE-758F342340AC}.Release|Any CPU.Build.0 = Release|Any CPU
	EndGlobalSection
	GlobalSection(SolutionProperties) = preSolution
		HideSolutionNode = FALSE
	EndGlobalSection
	GlobalSection(ExtensibilityGlobals) = postSolution
		SolutionGuid = {E359F0DF-8A9A-452D-B483-D84C400B9A58}
	EndGlobalSection
EndGlobal
